
Microsoft Visual Studio Solution File, Format Version 12.00
# Visual Studio 2013
VisualStudioVersion = 12.0.30501.0
MinimumVisualStudioVersion = 10.0.40219.1
Project("{FAE04EC0-301F-11D3-BF4B-00C04F79EFBC}") = "Pitch-Annotator.Net", "Pitch-Annotator.Net\Pitch-Annotator.Net.csproj", "{05668D1C-90AA-4BFF-A680-5BB1B465B886}"
EndProject
Project("{FAE04EC0-301F-11D3-BF4B-00C04F79EFBC}") = "ZoomAndPan", "Pitch-Annotator.Net\ZoomAndPan\ZoomAndPan.csproj", "{3CE97E07-E1CF-4191-8441-5D47BEAD68DA}"
EndProject
Global
	GlobalSection(SolutionConfigurationPlatforms) = preSolution
		Debug|Any CPU = Debug|Any CPU
		Release|Any CPU = Release|Any CPU
	EndGlobalSection
	GlobalSection(ProjectConfigurationPlatforms) = postSolution
		{05668D1C-90AA-4BFF-A680-5BB1B465B886}.Debug|Any CPU.ActiveCfg = Debug|Any CPU
		{05668D1C-90AA-4BFF-A680-5BB1B465B886}.Debug|Any CPU.Build.0 = Debug|Any CPU
		{05668D1C-90AA-4BFF-A680-5BB1B465B886}.Release|Any CPU.ActiveCfg = Release|Any CPU
		{05668D1C-90AA-4BFF-A680-5BB1B465B886}.Release|Any CPU.Build.0 = Release|Any CPU
		{3CE97E07-E1CF-4191-8441-5D47BEAD68DA}.Debug|Any CPU.ActiveCfg = Debug|Any CPU
		{3CE97E07-E1CF-4191-8441-5D47BEAD68DA}.Debug|Any CPU.Build.0 = Debug|Any CPU
		{3CE97E07-E1CF-4191-8441-5D47BEAD68DA}.Release|Any CPU.ActiveCfg = Release|Any CPU
		{3CE97E07-E1CF-4191-8441-5D47BEAD68DA}.Release|Any CPU.Build.0 = Release|Any CPU
	EndGlobalSection
	GlobalSection(SolutionProperties) = preSolution
		HideSolutionNode = FALSE
	EndGlobalSection
EndGlobal
